// !$*UTF8*$!
{
	archiveVersion = 1;
	classes = {
	};
	objectVersion = 56;
	objects = {

/* Begin PBXBuildFile section */
		3534E1162C9437DD00CA9146 /* Asset.swift in Sources */ = {isa = PBXBuildFile; fileRef = 3534E1132C9437DD00CA9146 /* Asset.swift */; };
		3534E1172C9437DD00CA9146 /* Transaction.swift in Sources */ = {isa = PBXBuildFile; fileRef = 3534E1142C9437DD00CA9146 /* Transaction.swift */; };
		3534E11B2C94380C00CA9146 /* APIService.swift in Sources */ = {isa = PBXBuildFile; fileRef = 3534E1182C94380C00CA9146 /* APIService.swift */; };
		3534E11C2C94380C00CA9146 /* DataManager.swift in Sources */ = {isa = PBXBuildFile; fileRef = 3534E1192C94380C00CA9146 /* DataManager.swift */; };
		3534E13D2C94398A00CA9146 /* LedgerViewModel.swift in Sources */ = {isa = PBXBuildFile; fileRef = 3534E13A2C94398A00CA9146 /* LedgerViewModel.swift */; };
		3534E13E2C94398A00CA9146 /* PortfolioViewModel.swift in Sources */ = {isa = PBXBuildFile; fileRef = 3534E13B2C94398A00CA9146 /* PortfolioViewModel.swift */; };
		3534E1442C9439D000CA9146 /* LedgerView.swift in Sources */ = {isa = PBXBuildFile; fileRef = 3534E13F2C9439D000CA9146 /* LedgerView.swift */; };
		3534E1452C9439D000CA9146 /* PortfolioOverviewView.swift in Sources */ = {isa = PBXBuildFile; fileRef = 3534E1402C9439D000CA9146 /* PortfolioOverviewView.swift */; };
		3534E1462C9439D000CA9146 /* SettingsView.swift in Sources */ = {isa = PBXBuildFile; fileRef = 3534E1412C9439D000CA9146 /* SettingsView.swift */; };
		3534E1472C9439D000CA9146 /* TransactionView.swift in Sources */ = {isa = PBXBuildFile; fileRef = 3534E1422C9439D000CA9146 /* TransactionView.swift */; };
		3534E1492C9440CC00CA9146 /* EditTransactionView.swift in Sources */ = {isa = PBXBuildFile; fileRef = 3534E1482C9440CC00CA9146 /* EditTransactionView.swift */; };
		354D8CD52C942367004B98E8 /* PortfolioTrackerApp1App.swift in Sources */ = {isa = PBXBuildFile; fileRef = 354D8CD42C942367004B98E8 /* PortfolioTrackerApp1App.swift */; };
		354D8CD72C942367004B98E8 /* ContentView.swift in Sources */ = {isa = PBXBuildFile; fileRef = 354D8CD62C942367004B98E8 /* ContentView.swift */; };
		354D8CD92C942369004B98E8 /* Assets.xcassets in Resources */ = {isa = PBXBuildFile; fileRef = 354D8CD82C942369004B98E8 /* Assets.xcassets */; };
		354D8CDC2C942369004B98E8 /* Preview Assets.xcassets in Resources */ = {isa = PBXBuildFile; fileRef = 354D8CDB2C942369004B98E8 /* Preview Assets.xcassets */; };
		354D8CE62C94236A004B98E8 /* PortfolioTrackerApp1Tests.swift in Sources */ = {isa = PBXBuildFile; fileRef = 354D8CE52C94236A004B98E8 /* PortfolioTrackerApp1Tests.swift */; };
		354D8CF02C94236A004B98E8 /* PortfolioTrackerApp1UITests.swift in Sources */ = {isa = PBXBuildFile; fileRef = 354D8CEF2C94236A004B98E8 /* PortfolioTrackerApp1UITests.swift */; };
		354D8CF22C94236A004B98E8 /* PortfolioTrackerApp1UITestsLaunchTests.swift in Sources */ = {isa = PBXBuildFile; fileRef = 354D8CF12C94236A004B98E8 /* PortfolioTrackerApp1UITestsLaunchTests.swift */; };
/* End PBXBuildFile section */

/* Begin PBXContainerItemProxy section */
		354D8CE22C94236A004B98E8 /* PBXContainerItemProxy */ = {
			isa = PBXContainerItemProxy;
			containerPortal = 354D8CC92C942367004B98E8 /* Project object */;
			proxyType = 1;
			remoteGlobalIDString = 354D8CD02C942367004B98E8;
			remoteInfo = PortfolioTrackerApp1;
		};
		354D8CEC2C94236A004B98E8 /* PBXContainerItemProxy */ = {
			isa = PBXContainerItemProxy;
			containerPortal = 354D8CC92C942367004B98E8 /* Project object */;
			proxyType = 1;
			remoteGlobalIDString = 354D8CD02C942367004B98E8;
			remoteInfo = PortfolioTrackerApp1;
		};
/* End PBXContainerItemProxy section */

/* Begin PBXFileReference section */
		3534E1132C9437DD00CA9146 /* Asset.swift */ = {isa = PBXFileReference; fileEncoding = 4; lastKnownFileType = sourcecode.swift; path = Asset.swift; sourceTree = "<group>"; };
		3534E1142C9437DD00CA9146 /* Transaction.swift */ = {isa = PBXFileReference; fileEncoding = 4; lastKnownFileType = sourcecode.swift; path = Transaction.swift; sourceTree = "<group>"; };
		3534E1182C94380C00CA9146 /* APIService.swift */ = {isa = PBXFileReference; fileEncoding = 4; lastKnownFileType = sourcecode.swift; path = APIService.swift; sourceTree = "<group>"; };
		3534E1192C94380C00CA9146 /* DataManager.swift */ = {isa = PBXFileReference; fileEncoding = 4; lastKnownFileType = sourcecode.swift; path = DataManager.swift; sourceTree = "<group>"; };
		3534E13A2C94398A00CA9146 /* LedgerViewModel.swift */ = {isa = PBXFileReference; fileEncoding = 4; lastKnownFileType = sourcecode.swift; path = LedgerViewModel.swift; sourceTree = "<group>"; };
		3534E13B2C94398A00CA9146 /* PortfolioViewModel.swift */ = {isa = PBXFileReference; fileEncoding = 4; lastKnownFileType = sourcecode.swift; path = PortfolioViewModel.swift; sourceTree = "<group>"; };
		3534E13F2C9439D000CA9146 /* LedgerView.swift */ = {isa = PBXFileReference; fileEncoding = 4; lastKnownFileType = sourcecode.swift; path = LedgerView.swift; sourceTree = "<group>"; };
		3534E1402C9439D000CA9146 /* PortfolioOverviewView.swift */ = {isa = PBXFileReference; fileEncoding = 4; lastKnownFileType = sourcecode.swift; path = PortfolioOverviewView.swift; sourceTree = "<group>"; };
		3534E1412C9439D000CA9146 /* SettingsView.swift */ = {isa = PBXFileReference; fileEncoding = 4; lastKnownFileType = sourcecode.swift; path = SettingsView.swift; sourceTree = "<group>"; };
		3534E1422C9439D000CA9146 /* TransactionView.swift */ = {isa = PBXFileReference; fileEncoding = 4; lastKnownFileType = sourcecode.swift; path = TransactionView.swift; sourceTree = "<group>"; };
		3534E1482C9440CC00CA9146 /* EditTransactionView.swift */ = {isa = PBXFileReference; fileEncoding = 4; lastKnownFileType = sourcecode.swift; name = EditTransactionView.swift; path = PortfolioTrackerApp1/Views/EditTransactionView.swift; sourceTree = SOURCE_ROOT; };
		354D8CD12C942367004B98E8 /* PortfolioTrackerApp1.app */ = {isa = PBXFileReference; explicitFileType = wrapper.application; includeInIndex = 0; path = PortfolioTrackerApp1.app; sourceTree = BUILT_PRODUCTS_DIR; };
		354D8CD42C942367004B98E8 /* PortfolioTrackerApp1App.swift */ = {isa = PBXFileReference; lastKnownFileType = sourcecode.swift; path = PortfolioTrackerApp1App.swift; sourceTree = "<group>"; };
		354D8CD62C942367004B98E8 /* ContentView.swift */ = {isa = PBXFileReference; lastKnownFileType = sourcecode.swift; path = ContentView.swift; sourceTree = "<group>"; };
		354D8CD82C942369004B98E8 /* Assets.xcassets */ = {isa = PBXFileReference; lastKnownFileType = folder.assetcatalog; path = Assets.xcassets; sourceTree = "<group>"; };
		354D8CDB2C942369004B98E8 /* Preview Assets.xcassets */ = {isa = PBXFileReference; lastKnownFileType = folder.assetcatalog; path = "Preview Assets.xcassets"; sourceTree = "<group>"; };
		354D8CE12C94236A004B98E8 /* PortfolioTrackerApp1Tests.xctest */ = {isa = PBXFileReference; explicitFileType = wrapper.cfbundle; includeInIndex = 0; path = PortfolioTrackerApp1Tests.xctest; sourceTree = BUILT_PRODUCTS_DIR; };
		354D8CE52C94236A004B98E8 /* PortfolioTrackerApp1Tests.swift */ = {isa = PBXFileReference; lastKnownFileType = sourcecode.swift; path = PortfolioTrackerApp1Tests.swift; sourceTree = "<group>"; };
		354D8CEB2C94236A004B98E8 /* PortfolioTrackerApp1UITests.xctest */ = {isa = PBXFileReference; explicitFileType = wrapper.cfbundle; includeInIndex = 0; path = PortfolioTrackerApp1UITests.xctest; sourceTree = BUILT_PRODUCTS_DIR; };
		354D8CEF2C94236A004B98E8 /* PortfolioTrackerApp1UITests.swift */ = {isa = PBXFileReference; lastKnownFileType = sourcecode.swift; path = PortfolioTrackerApp1UITests.swift; sourceTree = "<group>"; };
		354D8CF12C94236A004B98E8 /* PortfolioTrackerApp1UITestsLaunchTests.swift */ = {isa = PBXFileReference; lastKnownFileType = sourcecode.swift; path = PortfolioTrackerApp1UITestsLaunchTests.swift; sourceTree = "<group>"; };
/* End PBXFileReference section */

/* Begin PBXFrameworksBuildPhase section */
		354D8CCE2C942367004B98E8 /* Frameworks */ = {
			isa = PBXFrameworksBuildPhase;
			buildActionMask = 2147483647;
			files = (
			);
			runOnlyForDeploymentPostprocessing = 0;
		};
		354D8CDE2C94236A004B98E8 /* Frameworks */ = {
			isa = PBXFrameworksBuildPhase;
			buildActionMask = 2147483647;
			files = (
			);
			runOnlyForDeploymentPostprocessing = 0;
		};
		354D8CE82C94236A004B98E8 /* Frameworks */ = {
			isa = PBXFrameworksBuildPhase;
			buildActionMask = 2147483647;
			files = (
			);
			runOnlyForDeploymentPostprocessing = 0;
		};
/* End PBXFrameworksBuildPhase section */

/* Begin PBXGroup section */
		3534E1152C9437DD00CA9146 /* Models */ = {
			isa = PBXGroup;
			children = (
				3534E1132C9437DD00CA9146 /* Asset.swift */,
				3534E1142C9437DD00CA9146 /* Transaction.swift */,
			);
			path = Models;
			sourceTree = "<group>";
		};
		3534E11A2C94380C00CA9146 /* Services */ = {
			isa = PBXGroup;
			children = (
				3534E1182C94380C00CA9146 /* APIService.swift */,
				3534E1192C94380C00CA9146 /* DataManager.swift */,
			);
			path = Services;
			sourceTree = "<group>";
		};
		3534E11E2C94381300CA9146 /* ViewModels */ = {
			isa = PBXGroup;
			children = (
				3534E13A2C94398A00CA9146 /* LedgerViewModel.swift */,
				3534E13B2C94398A00CA9146 /* PortfolioViewModel.swift */,
			);
			path = ViewModels;
			sourceTree = "<group>";
		};
		3534E1432C9439D000CA9146 /* Views */ = {
			isa = PBXGroup;
			children = (
				3534E1482C9440CC00CA9146 /* EditTransactionView.swift */,
				3534E13F2C9439D000CA9146 /* LedgerView.swift */,
				3534E1402C9439D000CA9146 /* PortfolioOverviewView.swift */,
				3534E1412C9439D000CA9146 /* SettingsView.swift */,
				3534E1422C9439D000CA9146 /* TransactionView.swift */,
			);
			path = Views;
			sourceTree = "<group>";
		};
		354D8CC82C942367004B98E8 = {
			isa = PBXGroup;
			children = (
				354D8CD32C942367004B98E8 /* PortfolioTrackerApp1 */,
				354D8CE42C94236A004B98E8 /* PortfolioTrackerApp1Tests */,
				354D8CEE2C94236A004B98E8 /* PortfolioTrackerApp1UITests */,
				354D8CD22C942367004B98E8 /* Products */,
			);
			sourceTree = "<group>";
		};
		354D8CD22C942367004B98E8 /* Products */ = {
			isa = PBXGroup;
			children = (
				354D8CD12C942367004B98E8 /* PortfolioTrackerApp1.app */,
				354D8CE12C94236A004B98E8 /* PortfolioTrackerApp1Tests.xctest */,
				354D8CEB2C94236A004B98E8 /* PortfolioTrackerApp1UITests.xctest */,
			);
			name = Products;
			sourceTree = "<group>";
		};
		354D8CD32C942367004B98E8 /* PortfolioTrackerApp1 */ = {
			isa = PBXGroup;
			children = (
				3534E1432C9439D000CA9146 /* Views */,
				354D8CD42C942367004B98E8 /* PortfolioTrackerApp1App.swift */,
				354D8CD62C942367004B98E8 /* ContentView.swift */,
				3534E11E2C94381300CA9146 /* ViewModels */,
				3534E11A2C94380C00CA9146 /* Services */,
				3534E1152C9437DD00CA9146 /* Models */,
				354D8CD82C942369004B98E8 /* Assets.xcassets */,
				354D8CDA2C942369004B98E8 /* Preview Content */,
			);
			path = PortfolioTrackerApp1;
			sourceTree = "<group>";
		};
		354D8CDA2C942369004B98E8 /* Preview Content */ = {
			isa = PBXGroup;
			children = (
				354D8CDB2C942369004B98E8 /* Preview Assets.xcassets */,
			);
			path = "Preview Content";
			sourceTree = "<group>";
		};
		354D8CE42C94236A004B98E8 /* PortfolioTrackerApp1Tests */ = {
			isa = PBXGroup;
			children = (
				354D8CE52C94236A004B98E8 /* PortfolioTrackerApp1Tests.swift */,
			);
			path = PortfolioTrackerApp1Tests;
			sourceTree = "<group>";
		};
		354D8CEE2C94236A004B98E8 /* PortfolioTrackerApp1UITests */ = {
			isa = PBXGroup;
			children = (
				354D8CEF2C94236A004B98E8 /* PortfolioTrackerApp1UITests.swift */,
				354D8CF12C94236A004B98E8 /* PortfolioTrackerApp1UITestsLaunchTests.swift */,
			);
			path = PortfolioTrackerApp1UITests;
			sourceTree = "<group>";
		};
/* End PBXGroup section */

/* Begin PBXNativeTarget section */
		354D8CD02C942367004B98E8 /* PortfolioTrackerApp1 */ = {
			isa = PBXNativeTarget;
			buildConfigurationList = 354D8CF52C94236A004B98E8 /* Build configuration list for PBXNativeTarget "PortfolioTrackerApp1" */;
			buildPhases = (
				354D8CCD2C942367004B98E8 /* Sources */,
				354D8CCE2C942367004B98E8 /* Frameworks */,
				354D8CCF2C942367004B98E8 /* Resources */,
			);
			buildRules = (
			);
			dependencies = (
			);
			name = PortfolioTrackerApp1;
			productName = PortfolioTrackerApp1;
			productReference = 354D8CD12C942367004B98E8 /* PortfolioTrackerApp1.app */;
			productType = "com.apple.product-type.application";
		};
		354D8CE02C94236A004B98E8 /* PortfolioTrackerApp1Tests */ = {
			isa = PBXNativeTarget;
			buildConfigurationList = 354D8CF82C94236A004B98E8 /* Build configuration list for PBXNativeTarget "PortfolioTrackerApp1Tests" */;
			buildPhases = (
				354D8CDD2C94236A004B98E8 /* Sources */,
				354D8CDE2C94236A004B98E8 /* Frameworks */,
				354D8CDF2C94236A004B98E8 /* Resources */,
			);
			buildRules = (
			);
			dependencies = (
				354D8CE32C94236A004B98E8 /* PBXTargetDependency */,
			);
			name = PortfolioTrackerApp1Tests;
			productName = PortfolioTrackerApp1Tests;
			productReference = 354D8CE12C94236A004B98E8 /* PortfolioTrackerApp1Tests.xctest */;
			productType = "com.apple.product-type.bundle.unit-test";
		};
		354D8CEA2C94236A004B98E8 /* PortfolioTrackerApp1UITests */ = {
			isa = PBXNativeTarget;
			buildConfigurationList = 354D8CFB2C94236A004B98E8 /* Build configuration list for PBXNativeTarget "PortfolioTrackerApp1UITests" */;
			buildPhases = (
				354D8CE72C94236A004B98E8 /* Sources */,
				354D8CE82C94236A004B98E8 /* Frameworks */,
				354D8CE92C94236A004B98E8 /* Resources */,
			);
			buildRules = (
			);
			dependencies = (
				354D8CED2C94236A004B98E8 /* PBXTargetDependency */,
			);
			name = PortfolioTrackerApp1UITests;
			productName = PortfolioTrackerApp1UITests;
			productReference = 354D8CEB2C94236A004B98E8 /* PortfolioTrackerApp1UITests.xctest */;
			productType = "com.apple.product-type.bundle.ui-testing";
		};
/* End PBXNativeTarget section */

/* Begin PBXProject section */
		354D8CC92C942367004B98E8 /* Project object */ = {
			isa = PBXProject;
			attributes = {
				BuildIndependentTargetsInParallel = 1;
				LastSwiftUpdateCheck = 1540;
				LastUpgradeCheck = 1540;
				TargetAttributes = {
					354D8CD02C942367004B98E8 = {
						CreatedOnToolsVersion = 15.4;
					};
					354D8CE02C94236A004B98E8 = {
						CreatedOnToolsVersion = 15.4;
						TestTargetID = 354D8CD02C942367004B98E8;
					};
					354D8CEA2C94236A004B98E8 = {
						CreatedOnToolsVersion = 15.4;
						TestTargetID = 354D8CD02C942367004B98E8;
					};
				};
			};
			buildConfigurationList = 354D8CCC2C942367004B98E8 /* Build configuration list for PBXProject "PortfolioTrackerApp1" */;
			compatibilityVersion = "Xcode 14.0";
			developmentRegion = en;
			hasScannedForEncodings = 0;
			knownRegions = (
				en,
				Base,
			);
			mainGroup = 354D8CC82C942367004B98E8;
			productRefGroup = 354D8CD22C942367004B98E8 /* Products */;
			projectDirPath = "";
			projectRoot = "";
			targets = (
				354D8CD02C942367004B98E8 /* PortfolioTrackerApp1 */,
				354D8CE02C94236A004B98E8 /* PortfolioTrackerApp1Tests */,
				354D8CEA2C94236A004B98E8 /* PortfolioTrackerApp1UITests */,
			);
		};
/* End PBXProject section */

/* Begin PBXResourcesBuildPhase section */
		354D8CCF2C942367004B98E8 /* Resources */ = {
			isa = PBXResourcesBuildPhase;
			buildActionMask = 2147483647;
			files = (
				354D8CDC2C942369004B98E8 /* Preview Assets.xcassets in Resources */,
				354D8CD92C942369004B98E8 /* Assets.xcassets in Resources */,
			);
			runOnlyForDeploymentPostprocessing = 0;
		};
		354D8CDF2C94236A004B98E8 /* Resources */ = {
			isa = PBXResourcesBuildPhase;
			buildActionMask = 2147483647;
			files = (
			);
			runOnlyForDeploymentPostprocessing = 0;
		};
		354D8CE92C94236A004B98E8 /* Resources */ = {
			isa = PBXResourcesBuildPhase;
			buildActionMask = 2147483647;
			files = (
			);
			runOnlyForDeploymentPostprocessing = 0;
		};
/* End PBXResourcesBuildPhase section */

/* Begin PBXSourcesBuildPhase section */
		354D8CCD2C942367004B98E8 /* Sources */ = {
			isa = PBXSourcesBuildPhase;
			buildActionMask = 2147483647;
			files = (
				3534E1162C9437DD00CA9146 /* Asset.swift in Sources */,
				3534E1472C9439D000CA9146 /* TransactionView.swift in Sources */,
				3534E11C2C94380C00CA9146 /* DataManager.swift in Sources */,
				3534E1492C9440CC00CA9146 /* EditTransactionView.swift in Sources */,
				3534E13D2C94398A00CA9146 /* LedgerViewModel.swift in Sources */,
				3534E13E2C94398A00CA9146 /* PortfolioViewModel.swift in Sources */,
				3534E11B2C94380C00CA9146 /* APIService.swift in Sources */,
				3534E1462C9439D000CA9146 /* SettingsView.swift in Sources */,
				354D8CD72C942367004B98E8 /* ContentView.swift in Sources */,
				3534E1442C9439D000CA9146 /* LedgerView.swift in Sources */,
				3534E1172C9437DD00CA9146 /* Transaction.swift in Sources */,
				354D8CD52C942367004B98E8 /* PortfolioTrackerApp1App.swift in Sources */,
				3534E1452C9439D000CA9146 /* PortfolioOverviewView.swift in Sources */,
			);
			runOnlyForDeploymentPostprocessing = 0;
		};
		354D8CDD2C94236A004B98E8 /* Sources */ = {
			isa = PBXSourcesBuildPhase;
			buildActionMask = 2147483647;
			files = (
				354D8CE62C94236A004B98E8 /* PortfolioTrackerApp1Tests.swift in Sources */,
			);
			runOnlyForDeploymentPostprocessing = 0;
		};
		354D8CE72C94236A004B98E8 /* Sources */ = {
			isa = PBXSourcesBuildPhase;
			buildActionMask = 2147483647;
			files = (
				354D8CF22C94236A004B98E8 /* PortfolioTrackerApp1UITestsLaunchTests.swift in Sources */,
				354D8CF02C94236A004B98E8 /* PortfolioTrackerApp1UITests.swift in Sources */,
			);
			runOnlyForDeploymentPostprocessing = 0;
		};
/* End PBXSourcesBuildPhase section */

/* Begin PBXTargetDependency section */
		354D8CE32C94236A004B98E8 /* PBXTargetDependency */ = {
			isa = PBXTargetDependency;
			target = 354D8CD02C942367004B98E8 /* PortfolioTrackerApp1 */;
			targetProxy = 354D8CE22C94236A004B98E8 /* PBXContainerItemProxy */;
		};
		354D8CED2C94236A004B98E8 /* PBXTargetDependency */ = {
			isa = PBXTargetDependency;
			target = 354D8CD02C942367004B98E8 /* PortfolioTrackerApp1 */;
			targetProxy = 354D8CEC2C94236A004B98E8 /* PBXContainerItemProxy */;
		};
/* End PBXTargetDependency section */

/* Begin XCBuildConfiguration section */
		354D8CF32C94236A004B98E8 /* Debug */ = {
			isa = XCBuildConfiguration;
			buildSettings = {
				ALWAYS_SEARCH_USER_PATHS = NO;
				ASSETCATALOG_COMPILER_GENERATE_SWIFT_ASSET_SYMBOL_EXTENSIONS = YES;
				CLANG_ANALYZER_NONNULL = YES;
				CLANG_ANALYZER_NUMBER_OBJECT_CONVERSION = YES_AGGRESSIVE;
				CLANG_CXX_LANGUAGE_STANDARD = "gnu++20";
				CLANG_ENABLE_MODULES = YES;
				CLANG_ENABLE_OBJC_ARC = YES;
				CLANG_ENABLE_OBJC_WEAK = YES;
				CLANG_WARN_BLOCK_CAPTURE_AUTORELEASING = YES;
				CLANG_WARN_BOOL_CONVERSION = YES;
				CLANG_WARN_COMMA = YES;
				CLANG_WARN_CONSTANT_CONVERSION = YES;
				CLANG_WARN_DEPRECATED_OBJC_IMPLEMENTATIONS = YES;
				CLANG_WARN_DIRECT_OBJC_ISA_USAGE = YES_ERROR;
				CLANG_WARN_DOCUMENTATION_COMMENTS = YES;
				CLANG_WARN_EMPTY_BODY = YES;
				CLANG_WARN_ENUM_CONVERSION = YES;
				CLANG_WARN_INFINITE_RECURSION = YES;
				CLANG_WARN_INT_CONVERSION = YES;
				CLANG_WARN_NON_LITERAL_NULL_CONVERSION = YES;
				CLANG_WARN_OBJC_IMPLICIT_RETAIN_SELF = YES;
				CLANG_WARN_OBJC_LITERAL_CONVERSION = YES;
				CLANG_WARN_OBJC_ROOT_CLASS = YES_ERROR;
				CLANG_WARN_QUOTED_INCLUDE_IN_FRAMEWORK_HEADER = YES;
				CLANG_WARN_RANGE_LOOP_ANALYSIS = YES;
				CLANG_WARN_STRICT_PROTOTYPES = YES;
				CLANG_WARN_SUSPICIOUS_MOVE = YES;
				CLANG_WARN_UNGUARDED_AVAILABILITY = YES_AGGRESSIVE;
				CLANG_WARN_UNREACHABLE_CODE = YES;
				CLANG_WARN__DUPLICATE_METHOD_MATCH = YES;
				COPY_PHASE_STRIP = NO;
				DEBUG_INFORMATION_FORMAT = dwarf;
				ENABLE_STRICT_OBJC_MSGSEND = YES;
				ENABLE_TESTABILITY = YES;
				ENABLE_USER_SCRIPT_SANDBOXING = YES;
				GCC_C_LANGUAGE_STANDARD = gnu17;
				GCC_DYNAMIC_NO_PIC = NO;
				GCC_NO_COMMON_BLOCKS = YES;
				GCC_OPTIMIZATION_LEVEL = 0;
				GCC_PREPROCESSOR_DEFINITIONS = (
					"DEBUG=1",
					"$(inherited)",
				);
				GCC_WARN_64_TO_32_BIT_CONVERSION = YES;
				GCC_WARN_ABOUT_RETURN_TYPE = YES_ERROR;
				GCC_WARN_UNDECLARED_SELECTOR = YES;
				GCC_WARN_UNINITIALIZED_AUTOS = YES_AGGRESSIVE;
				GCC_WARN_UNUSED_FUNCTION = YES;
				GCC_WARN_UNUSED_VARIABLE = YES;
				IPHONEOS_DEPLOYMENT_TARGET = 17.5;
				LOCALIZATION_PREFERS_STRING_CATALOGS = YES;
				MTL_ENABLE_DEBUG_INFO = INCLUDE_SOURCE;
				MTL_FAST_MATH = YES;
				ONLY_ACTIVE_ARCH = YES;
				SDKROOT = iphoneos;
				SWIFT_ACTIVE_COMPILATION_CONDITIONS = "DEBUG $(inherited)";
				SWIFT_OPTIMIZATION_LEVEL = "-Onone";
			};
			name = Debug;
		};
		354D8CF42C94236A004B98E8 /* Release */ = {
			isa = XCBuildConfiguration;
			buildSettings = {
				ALWAYS_SEARCH_USER_PATHS = NO;
				ASSETCATALOG_COMPILER_GENERATE_SWIFT_ASSET_SYMBOL_EXTENSIONS = YES;
				CLANG_ANALYZER_NONNULL = YES;
				CLANG_ANALYZER_NUMBER_OBJECT_CONVERSION = YES_AGGRESSIVE;
				CLANG_CXX_LANGUAGE_STANDARD = "gnu++20";
				CLANG_ENABLE_MODULES = YES;
				CLANG_ENABLE_OBJC_ARC = YES;
				CLANG_ENABLE_OBJC_WEAK = YES;
				CLANG_WARN_BLOCK_CAPTURE_AUTORELEASING = YES;
				CLANG_WARN_BOOL_CONVERSION = YES;
				CLANG_WARN_COMMA = YES;
				CLANG_WARN_CONSTANT_CONVERSION = YES;
				CLANG_WARN_DEPRECATED_OBJC_IMPLEMENTATIONS = YES;
				CLANG_WARN_DIRECT_OBJC_ISA_USAGE = YES_ERROR;
				CLANG_WARN_DOCUMENTATION_COMMENTS = YES;
				CLANG_WARN_EMPTY_BODY = YES;
				CLANG_WARN_ENUM_CONVERSION = YES;
				CLANG_WARN_INFINITE_RECURSION = YES;
				CLANG_WARN_INT_CONVERSION = YES;
				CLANG_WARN_NON_LITERAL_NULL_CONVERSION = YES;
				CLANG_WARN_OBJC_IMPLICIT_RETAIN_SELF = YES;
				CLANG_WARN_OBJC_LITERAL_CONVERSION = YES;
				CLANG_WARN_OBJC_ROOT_CLASS = YES_ERROR;
				CLANG_WARN_QUOTED_INCLUDE_IN_FRAMEWORK_HEADER = YES;
				CLANG_WARN_RANGE_LOOP_ANALYSIS = YES;
				CLANG_WARN_STRICT_PROTOTYPES = YES;
				CLANG_WARN_SUSPICIOUS_MOVE = YES;
				CLANG_WARN_UNGUARDED_AVAILABILITY = YES_AGGRESSIVE;
				CLANG_WARN_UNREACHABLE_CODE = YES;
				CLANG_WARN__DUPLICATE_METHOD_MATCH = YES;
				COPY_PHASE_STRIP = NO;
				DEBUG_INFORMATION_FORMAT = "dwarf-with-dsym";
				ENABLE_NS_ASSERTIONS = NO;
				ENABLE_STRICT_OBJC_MSGSEND = YES;
				ENABLE_USER_SCRIPT_SANDBOXING = YES;
				GCC_C_LANGUAGE_STANDARD = gnu17;
				GCC_NO_COMMON_BLOCKS = YES;
				GCC_WARN_64_TO_32_BIT_CONVERSION = YES;
				GCC_WARN_ABOUT_RETURN_TYPE = YES_ERROR;
				GCC_WARN_UNDECLARED_SELECTOR = YES;
				GCC_WARN_UNINITIALIZED_AUTOS = YES_AGGRESSIVE;
				GCC_WARN_UNUSED_FUNCTION = YES;
				GCC_WARN_UNUSED_VARIABLE = YES;
				IPHONEOS_DEPLOYMENT_TARGET = 17.5;
				LOCALIZATION_PREFERS_STRING_CATALOGS = YES;
				MTL_ENABLE_DEBUG_INFO = NO;
				MTL_FAST_MATH = YES;
				SDKROOT = iphoneos;
				SWIFT_COMPILATION_MODE = wholemodule;
				VALIDATE_PRODUCT = YES;
			};
			name = Release;
		};
		354D8CF62C94236A004B98E8 /* Debug */ = {
			isa = XCBuildConfiguration;
			buildSettings = {
				ASSETCATALOG_COMPILER_APPICON_NAME = AppIcon;
				ASSETCATALOG_COMPILER_GLOBAL_ACCENT_COLOR_NAME = AccentColor;
				CODE_SIGN_STYLE = Automatic;
				CURRENT_PROJECT_VERSION = 1;
				DEVELOPMENT_ASSET_PATHS = "\"PortfolioTrackerApp1/Preview Content\"";
				ENABLE_PREVIEWS = YES;
				GENERATE_INFOPLIST_FILE = YES;
				INFOPLIST_KEY_UIApplicationSceneManifest_Generation = YES;
				INFOPLIST_KEY_UIApplicationSupportsIndirectInputEvents = YES;
				INFOPLIST_KEY_UILaunchScreen_Generation = YES;
				INFOPLIST_KEY_UISupportedInterfaceOrientations_iPad = "UIInterfaceOrientationPortrait UIInterfaceOrientationPortraitUpsideDown UIInterfaceOrientationLandscapeLeft UIInterfaceOrientationLandscapeRight";
				INFOPLIST_KEY_UISupportedInterfaceOrientations_iPhone = "UIInterfaceOrientationPortrait UIInterfaceOrientationLandscapeLeft UIInterfaceOrientationLandscapeRight";
				LD_RUNPATH_SEARCH_PATHS = (
					"$(inherited)",
					"@executable_path/Frameworks",
				);
				MARKETING_VERSION = 1.0;
				PRODUCT_BUNDLE_IDENTIFIER = tintin.PortfolioTrackerApp1;
				PRODUCT_NAME = "$(TARGET_NAME)";
				SWIFT_EMIT_LOC_STRINGS = YES;
				SWIFT_VERSION = 5.0;
				TARGETED_DEVICE_FAMILY = "1,2";
			};
			name = Debug;
		};
		354D8CF72C94236A004B98E8 /* Release */ = {
			isa = XCBuildConfiguration;
			buildSettings = {
				ASSETCATALOG_COMPILER_APPICON_NAME = AppIcon;
				ASSETCATALOG_COMPILER_GLOBAL_ACCENT_COLOR_NAME = AccentColor;
				CODE_SIGN_STYLE = Automatic;
				CURRENT_PROJECT_VERSION = 1;
				DEVELOPMENT_ASSET_PATHS = "\"PortfolioTrackerApp1/Preview Content\"";
				ENABLE_PREVIEWS = YES;
				GENERATE_INFOPLIST_FILE = YES;
				INFOPLIST_KEY_UIApplicationSceneManifest_Generation = YES;
				INFOPLIST_KEY_UIApplicationSupportsIndirectInputEvents = YES;
				INFOPLIST_KEY_UILaunchScreen_Generation = YES;
				INFOPLIST_KEY_UISupportedInterfaceOrientations_iPad = "UIInterfaceOrientationPortrait UIInterfaceOrientationPortraitUpsideDown UIInterfaceOrientationLandscapeLeft UIInterfaceOrientationLandscapeRight";
				INFOPLIST_KEY_UISupportedInterfaceOrientations_iPhone = "UIInterfaceOrientationPortrait UIInterfaceOrientationLandscapeLeft UIInterfaceOrientationLandscapeRight";
				LD_RUNPATH_SEARCH_PATHS = (
					"$(inherited)",
					"@executable_path/Frameworks",
				);
				MARKETING_VERSION = 1.0;
				PRODUCT_BUNDLE_IDENTIFIER = tintin.PortfolioTrackerApp1;
				PRODUCT_NAME = "$(TARGET_NAME)";
				SWIFT_EMIT_LOC_STRINGS = YES;
				SWIFT_VERSION = 5.0;
				TARGETED_DEVICE_FAMILY = "1,2";
			};
			name = Release;
		};
		354D8CF92C94236A004B98E8 /* Debug */ = {
			isa = XCBuildConfiguration;
			buildSettings = {
				ALWAYS_EMBED_SWIFT_STANDARD_LIBRARIES = YES;
				BUNDLE_LOADER = "$(TEST_HOST)";
				CODE_SIGN_STYLE = Automatic;
				CURRENT_PROJECT_VERSION = 1;
				GENERATE_INFOPLIST_FILE = YES;
				IPHONEOS_DEPLOYMENT_TARGET = 17.5;
				MARKETING_VERSION = 1.0;
				PRODUCT_BUNDLE_IDENTIFIER = tintin.PortfolioTrackerApp1Tests;
				PRODUCT_NAME = "$(TARGET_NAME)";
				SWIFT_EMIT_LOC_STRINGS = NO;
				SWIFT_VERSION = 5.0;
				TARGETED_DEVICE_FAMILY = "1,2";
				TEST_HOST = "$(BUILT_PRODUCTS_DIR)/PortfolioTrackerApp1.app/$(BUNDLE_EXECUTABLE_FOLDER_PATH)/PortfolioTrackerApp1";
			};
			name = Debug;
		};
		354D8CFA2C94236A004B98E8 /* Release */ = {
			isa = XCBuildConfiguration;
			buildSettings = {
				ALWAYS_EMBED_SWIFT_STANDARD_LIBRARIES = YES;
				BUNDLE_LOADER = "$(TEST_HOST)";
				CODE_SIGN_STYLE = Automatic;
				CURRENT_PROJECT_VERSION = 1;
				GENERATE_INFOPLIST_FILE = YES;
				IPHONEOS_DEPLOYMENT_TARGET = 17.5;
				MARKETING_VERSION = 1.0;
				PRODUCT_BUNDLE_IDENTIFIER = tintin.PortfolioTrackerApp1Tests;
				PRODUCT_NAME = "$(TARGET_NAME)";
				SWIFT_EMIT_LOC_STRINGS = NO;
				SWIFT_VERSION = 5.0;
				TARGETED_DEVICE_FAMILY = "1,2";
				TEST_HOST = "$(BUILT_PRODUCTS_DIR)/PortfolioTrackerApp1.app/$(BUNDLE_EXECUTABLE_FOLDER_PATH)/PortfolioTrackerApp1";
			};
			name = Release;
		};
		354D8CFC2C94236A004B98E8 /* Debug */ = {
			isa = XCBuildConfiguration;
			buildSettings = {
				ALWAYS_EMBED_SWIFT_STANDARD_LIBRARIES = YES;
				CODE_SIGN_STYLE = Automatic;
				CURRENT_PROJECT_VERSION = 1;
				GENERATE_INFOPLIST_FILE = YES;
				MARKETING_VERSION = 1.0;
				PRODUCT_BUNDLE_IDENTIFIER = tintin.PortfolioTrackerApp1UITests;
				PRODUCT_NAME = "$(TARGET_NAME)";
				SWIFT_EMIT_LOC_STRINGS = NO;
				SWIFT_VERSION = 5.0;
				TARGETED_DEVICE_FAMILY = "1,2";
				TEST_TARGET_NAME = PortfolioTrackerApp1;
			};
			name = Debug;
		};
		354D8CFD2C94236A004B98E8 /* Release */ = {
			isa = XCBuildConfiguration;
			buildSettings = {
				ALWAYS_EMBED_SWIFT_STANDARD_LIBRARIES = YES;
				CODE_SIGN_STYLE = Automatic;
				CURRENT_PROJECT_VERSION = 1;
				GENERATE_INFOPLIST_FILE = YES;
				MARKETING_VERSION = 1.0;
				PRODUCT_BUNDLE_IDENTIFIER = tintin.PortfolioTrackerApp1UITests;
				PRODUCT_NAME = "$(TARGET_NAME)";
				SWIFT_EMIT_LOC_STRINGS = NO;
				SWIFT_VERSION = 5.0;
				TARGETED_DEVICE_FAMILY = "1,2";
				TEST_TARGET_NAME = PortfolioTrackerApp1;
			};
			name = Release;
		};
/* End XCBuildConfiguration section */

/* Begin XCConfigurationList section */
		354D8CCC2C942367004B98E8 /* Build configuration list for PBXProject "PortfolioTrackerApp1" */ = {
			isa = XCConfigurationList;
			buildConfigurations = (
				354D8CF32C94236A004B98E8 /* Debug */,
				354D8CF42C94236A004B98E8 /* Release */,
			);
			defaultConfigurationIsVisible = 0;
			defaultConfigurationName = Release;
		};
		354D8CF52C94236A004B98E8 /* Build configuration list for PBXNativeTarget "PortfolioTrackerApp1" */ = {
			isa = XCConfigurationList;
			buildConfigurations = (
				354D8CF62C94236A004B98E8 /* Debug */,
				354D8CF72C94236A004B98E8 /* Release */,
			);
			defaultConfigurationIsVisible = 0;
			defaultConfigurationName = Release;
		};
		354D8CF82C94236A004B98E8 /* Build configuration list for PBXNativeTarget "PortfolioTrackerApp1Tests" */ = {
			isa = XCConfigurationList;
			buildConfigurations = (
				354D8CF92C94236A004B98E8 /* Debug */,
				354D8CFA2C94236A004B98E8 /* Release */,
			);
			defaultConfigurationIsVisible = 0;
			defaultConfigurationName = Release;
		};
		354D8CFB2C94236A004B98E8 /* Build configuration list for PBXNativeTarget "PortfolioTrackerApp1UITests" */ = {
			isa = XCConfigurationList;
			buildConfigurations = (
				354D8CFC2C94236A004B98E8 /* Debug */,
				354D8CFD2C94236A004B98E8 /* Release */,
			);
			defaultConfigurationIsVisible = 0;
			defaultConfigurationName = Release;
		};
/* End XCConfigurationList section */
	};
	rootObject = 354D8CC92C942367004B98E8 /* Project object */;
}
